{"is_source_file": false, "format": "", "description": "", "external_files": [], "external_methods": [], "published": [], "classes": [], "methods": [], "calls": [], "search-terms": [], "state": 2, "file_id": 28, "knowledge_revision": 95, "git_revision": "104820644bf37328d15b79a574ac4a4500bb7963", "hash": "e9b4c3b42cef0193b7fddb548d37e652", "format-version": 4, "code-base-name": "default", "filename": "petcare_hub/post_process_status.lock", "revision_history": [{"95": "104820644bf37328d15b79a574ac4a4500bb7963"}]}